
Microsoft Visual Studio Solution File, Format Version 12.00
# Visual Studio 15
VisualStudioVersion = 15.0.26124.0
MinimumVisualStudioVersion = 15.0.26124.0
Project("{FAE04EC0-301F-11D3-BF4B-00C04F79EFBC}") = "Azure.Storage.Tables", "src\Azure.Storage.Tables.csproj", "{E3E74C8E-3D08-4D86-A0E9-CF4864AE76CF}"
EndProject
Project("{FAE04EC0-301F-11D3-BF4B-00C04F79EFBC}") = "sample", "sample\sample.csproj", "{3C945D3A-09AD-478E-8C4B-CDBAD3BD1461}"
EndProject
Global
	GlobalSection(SolutionConfigurationPlatforms) = preSolution
		Debug|Any CPU = Debug|Any CPU
		Debug|x64 = Debug|x64
		Debug|x86 = Debug|x86
		Release|Any CPU = Release|Any CPU
		Release|x64 = Release|x64
		Release|x86 = Release|x86
	EndGlobalSection
	GlobalSection(SolutionProperties) = preSolution
		HideSolutionNode = FALSE
	EndGlobalSection
	GlobalSection(ProjectConfigurationPlatforms) = postSolution
		{E3E74C8E-3D08-4D86-A0E9-CF4864AE76CF}.Debug|Any CPU.ActiveCfg = Debug|Any CPU
		{E3E74C8E-3D08-4D86-A0E9-CF4864AE76CF}.Debug|Any CPU.Build.0 = Debug|Any CPU
		{E3E74C8E-3D08-4D86-A0E9-CF4864AE76CF}.Debug|x64.ActiveCfg = Debug|Any CPU
		{E3E74C8E-3D08-4D86-A0E9-CF4864AE76CF}.Debug|x64.Build.0 = Debug|Any CPU
		{E3E74C8E-3D08-4D86-A0E9-CF4864AE76CF}.Debug|x86.ActiveCfg = Debug|Any CPU
		{E3E74C8E-3D08-4D86-A0E9-CF4864AE76CF}.Debug|x86.Build.0 = Debug|Any CPU
		{E3E74C8E-3D08-4D86-A0E9-CF4864AE76CF}.Release|Any CPU.ActiveCfg = Release|Any CPU
		{E3E74C8E-3D08-4D86-A0E9-CF4864AE76CF}.Release|Any CPU.Build.0 = Release|Any CPU
		{E3E74C8E-3D08-4D86-A0E9-CF4864AE76CF}.Release|x64.ActiveCfg = Release|Any CPU
		{E3E74C8E-3D08-4D86-A0E9-CF4864AE76CF}.Release|x64.Build.0 = Release|Any CPU
		{E3E74C8E-3D08-4D86-A0E9-CF4864AE76CF}.Release|x86.ActiveCfg = Release|Any CPU
		{E3E74C8E-3D08-4D86-A0E9-CF4864AE76CF}.Release|x86.Build.0 = Release|Any CPU
		{3C945D3A-09AD-478E-8C4B-CDBAD3BD1461}.Debug|Any CPU.ActiveCfg = Debug|Any CPU
		{3C945D3A-09AD-478E-8C4B-CDBAD3BD1461}.Debug|Any CPU.Build.0 = Debug|Any CPU
		{3C945D3A-09AD-478E-8C4B-CDBAD3BD1461}.Debug|x64.ActiveCfg = Debug|Any CPU
		{3C945D3A-09AD-478E-8C4B-CDBAD3BD1461}.Debug|x64.Build.0 = Debug|Any CPU
		{3C945D3A-09AD-478E-8C4B-CDBAD3BD1461}.Debug|x86.ActiveCfg = Debug|Any CPU
		{3C945D3A-09AD-478E-8C4B-CDBAD3BD1461}.Debug|x86.Build.0 = Debug|Any CPU
		{3C945D3A-09AD-478E-8C4B-CDBAD3BD1461}.Release|Any CPU.ActiveCfg = Release|Any CPU
		{3C945D3A-09AD-478E-8C4B-CDBAD3BD1461}.Release|Any CPU.Build.0 = Release|Any CPU
		{3C945D3A-09AD-478E-8C4B-CDBAD3BD1461}.Release|x64.ActiveCfg = Release|Any CPU
		{3C945D3A-09AD-478E-8C4B-CDBAD3BD1461}.Release|x64.Build.0 = Release|Any CPU
		{3C945D3A-09AD-478E-8C4B-CDBAD3BD1461}.Release|x86.ActiveCfg = Release|Any CPU
		{3C945D3A-09AD-478E-8C4B-CDBAD3BD1461}.Release|x86.Build.0 = Release|Any CPU
	EndGlobalSection
EndGlobal
