
Microsoft Visual Studio Solution File, Format Version 12.00
# Visual Studio Version 16
VisualStudioVersion = 16.0.29230.61
MinimumVisualStudioVersion = 10.0.40219.1
Project("{9A19103F-16F7-4668-BE54-9A1E7A4F7556}") = "AutoRest.CSharp.V3.Test", "AutoRest.CSharp.V3.Test.csproj", "{D6E13DC1-3C4D-4171-8931-DDBADDFA7164}"
EndProject
Global
	GlobalSection(SolutionConfigurationPlatforms) = preSolution
		Debug|Any CPU = Debug|Any CPU
		Release|Any CPU = Release|Any CPU
	EndGlobalSection
	GlobalSection(ProjectConfigurationPlatforms) = postSolution
		{D6E13DC1-3C4D-4171-8931-DDBADDFA7164}.Debug|Any CPU.ActiveCfg = Debug|Any CPU
		{D6E13DC1-3C4D-4171-8931-DDBADDFA7164}.Debug|Any CPU.Build.0 = Debug|Any CPU
		{D6E13DC1-3C4D-4171-8931-DDBADDFA7164}.Release|Any CPU.ActiveCfg = Release|Any CPU
		{D6E13DC1-3C4D-4171-8931-DDBADDFA7164}.Release|Any CPU.Build.0 = Release|Any CPU
	EndGlobalSection
	GlobalSection(SolutionProperties) = preSolution
		HideSolutionNode = FALSE
	EndGlobalSection
	GlobalSection(ExtensibilityGlobals) = postSolution
		SolutionGuid = {55273AAE-1BEC-4AD9-BA4F-8CCCE696DC6A}
	EndGlobalSection
EndGlobal
