{
  "name": "@autorest/csharp",
  "version": "3.0.0",
  "lockfileVersion": 3,
  "requires": true,
  "packages": {
    "": {
      "name": "@autorest/csharp",
      "version": "3.0.0",
      "dependencies": {
        "@autorest/csharp": "file:"
      }
    },
    "node_modules/@autorest/csharp": {
      "resolved": "",
      "link": true
    }
  }
}
