
Microsoft Visual Studio Solution File, Format Version 12.00
# Visual Studio Version 16
VisualStudioVersion = 16.0.30104.148
MinimumVisualStudioVersion = 10.0.40219.1
Project("{9A19103F-16F7-4668-BE54-9A1E7A4F7556}") = "Azure.Storage.Blobs", "Azure.Storage.Blobs\Azure.Storage.Blobs.csproj", "{C8176B4D-3D6A-4733-912C-1D1F59A27BDD}"
EndProject
Global
	GlobalSection(SolutionConfigurationPlatforms) = preSolution
		Debug|Any CPU = Debug|Any CPU
		Release|Any CPU = Release|Any CPU
	EndGlobalSection
	GlobalSection(ProjectConfigurationPlatforms) = postSolution
		{C8176B4D-3D6A-4733-912C-1D1F59A27BDD}.Debug|Any CPU.ActiveCfg = Debug|Any CPU
		{C8176B4D-3D6A-4733-912C-1D1F59A27BDD}.Debug|Any CPU.Build.0 = Debug|Any CPU
		{C8176B4D-3D6A-4733-912C-1D1F59A27BDD}.Release|Any CPU.ActiveCfg = Release|Any CPU
		{C8176B4D-3D6A-4733-912C-1D1F59A27BDD}.Release|Any CPU.Build.0 = Release|Any CPU
	EndGlobalSection
	GlobalSection(SolutionProperties) = preSolution
		HideSolutionNode = FALSE
	EndGlobalSection
	GlobalSection(ExtensibilityGlobals) = postSolution
		SolutionGuid = {24489F68-4CC2-47D7-AB83-CBDE623FC570}
	EndGlobalSection
EndGlobal
